
Microsoft Visual Studio Solution File, Format Version 12.00
# Visual Studio 2013
VisualStudioVersion = 12.0.31101.0
MinimumVisualStudioVersion = 10.0.40219.1
Project("{FAE04EC0-301F-11D3-BF4B-00C04F79EFBC}") = "AlgorithmsAndDataStruct", "AlgorithmsAndDataStruct\AlgorithmsAndDataStruct.csproj", "{58858C86-0C31-406B-A572-47BC517BC782}"
EndProject
Project("{FAE04EC0-301F-11D3-BF4B-00C04F79EFBC}") = "AlgorithmAndDataStructDotNet4", "AlgorithmAndDataStructDotNet4\AlgorithmAndDataStructDotNet4.csproj", "{AB0DCEA5-6696-46B4-976A-8E4A5C0B4ACC}"
	ProjectSection(ProjectDependencies) = postProject
		{8938D659-1AE9-4B1A-956B-E5BF1566D66B} = {8938D659-1AE9-4B1A-956B-E5BF1566D66B}
	EndProjectSection
EndProject
Project("{FAE04EC0-301F-11D3-BF4B-00C04F79EFBC}") = "HelperLib", "HelperLib\HelperLib.csproj", "{8938D659-1AE9-4B1A-956B-E5BF1566D66B}"
EndProject
Global
	GlobalSection(SolutionConfigurationPlatforms) = preSolution
		Debug|Any CPU = Debug|Any CPU
		Release|Any CPU = Release|Any CPU
	EndGlobalSection
	GlobalSection(ProjectConfigurationPlatforms) = postSolution
		{58858C86-0C31-406B-A572-47BC517BC782}.Debug|Any CPU.ActiveCfg = Debug|Any CPU
		{58858C86-0C31-406B-A572-47BC517BC782}.Debug|Any CPU.Build.0 = Debug|Any CPU
		{58858C86-0C31-406B-A572-47BC517BC782}.Release|Any CPU.ActiveCfg = Release|Any CPU
		{58858C86-0C31-406B-A572-47BC517BC782}.Release|Any CPU.Build.0 = Release|Any CPU
		{AB0DCEA5-6696-46B4-976A-8E4A5C0B4ACC}.Debug|Any CPU.ActiveCfg = Debug|Any CPU
		{AB0DCEA5-6696-46B4-976A-8E4A5C0B4ACC}.Debug|Any CPU.Build.0 = Debug|Any CPU
		{AB0DCEA5-6696-46B4-976A-8E4A5C0B4ACC}.Release|Any CPU.ActiveCfg = Release|Any CPU
		{AB0DCEA5-6696-46B4-976A-8E4A5C0B4ACC}.Release|Any CPU.Build.0 = Release|Any CPU
		{8938D659-1AE9-4B1A-956B-E5BF1566D66B}.Debug|Any CPU.ActiveCfg = Debug|Any CPU
		{8938D659-1AE9-4B1A-956B-E5BF1566D66B}.Debug|Any CPU.Build.0 = Debug|Any CPU
		{8938D659-1AE9-4B1A-956B-E5BF1566D66B}.Release|Any CPU.ActiveCfg = Release|Any CPU
		{8938D659-1AE9-4B1A-956B-E5BF1566D66B}.Release|Any CPU.Build.0 = Release|Any CPU
	EndGlobalSection
	GlobalSection(SolutionProperties) = preSolution
		HideSolutionNode = FALSE
	EndGlobalSection
EndGlobal
